
Microsoft Visual Studio Solution File, Format Version 12.00
# Visual Studio Version 17
VisualStudioVersion = 17.0.31521.260
MinimumVisualStudioVersion = 10.0.40219.1
Project("{FAE04EC0-301F-11D3-BF4B-00C04F79EFBC}") = "HelloTools", "HelloTools\HelloTools.csproj", "{B6559464-F5AB-44E0-B154-8C00C9C9556E}"
EndProject
Global
	GlobalSection(SolutionConfigurationPlatforms) = preSolution
		Debug|ARM = Debug|ARM
		Debug|ARM64 = Debug|ARM64
		Debug|x64 = Debug|x64
		Debug|x86 = Debug|x86
		Release|ARM = Release|ARM
		Release|ARM64 = Release|ARM64
		Release|x64 = Release|x64
		Release|x86 = Release|x86
	EndGlobalSection
	GlobalSection(ProjectConfigurationPlatforms) = postSolution
		{B6559464-F5AB-44E0-B154-8C00C9C9556E}.Debug|ARM.ActiveCfg = Debug|ARM
		{B6559464-F5AB-44E0-B154-8C00C9C9556E}.Debug|ARM.Build.0 = Debug|ARM
		{B6559464-F5AB-44E0-B154-8C00C9C9556E}.Debug|ARM.Deploy.0 = Debug|ARM
		{B6559464-F5AB-44E0-B154-8C00C9C9556E}.Debug|ARM64.ActiveCfg = Debug|ARM64
		{B6559464-F5AB-44E0-B154-8C00C9C9556E}.Debug|ARM64.Build.0 = Debug|ARM64
		{B6559464-F5AB-44E0-B154-8C00C9C9556E}.Debug|ARM64.Deploy.0 = Debug|ARM64
		{B6559464-F5AB-44E0-B154-8C00C9C9556E}.Debug|x64.ActiveCfg = Debug|x64
		{B6559464-F5AB-44E0-B154-8C00C9C9556E}.Debug|x64.Build.0 = Debug|x64
		{B6559464-F5AB-44E0-B154-8C00C9C9556E}.Debug|x64.Deploy.0 = Debug|x64
		{B6559464-F5AB-44E0-B154-8C00C9C9556E}.Debug|x86.ActiveCfg = Debug|x86
		{B6559464-F5AB-44E0-B154-8C00C9C9556E}.Debug|x86.Build.0 = Debug|x86
		{B6559464-F5AB-44E0-B154-8C00C9C9556E}.Debug|x86.Deploy.0 = Debug|x86
		{B6559464-F5AB-44E0-B154-8C00C9C9556E}.Release|ARM.ActiveCfg = Release|ARM
		{B6559464-F5AB-44E0-B154-8C00C9C9556E}.Release|ARM.Build.0 = Release|ARM
		{B6559464-F5AB-44E0-B154-8C00C9C9556E}.Release|ARM.Deploy.0 = Release|ARM
		{B6559464-F5AB-44E0-B154-8C00C9C9556E}.Release|ARM64.ActiveCfg = Release|ARM64
		{B6559464-F5AB-44E0-B154-8C00C9C9556E}.Release|ARM64.Build.0 = Release|ARM64
		{B6559464-F5AB-44E0-B154-8C00C9C9556E}.Release|ARM64.Deploy.0 = Release|ARM64
		{B6559464-F5AB-44E0-B154-8C00C9C9556E}.Release|x64.ActiveCfg = Release|x64
		{B6559464-F5AB-44E0-B154-8C00C9C9556E}.Release|x64.Build.0 = Release|x64
		{B6559464-F5AB-44E0-B154-8C00C9C9556E}.Release|x64.Deploy.0 = Release|x64
		{B6559464-F5AB-44E0-B154-8C00C9C9556E}.Release|x86.ActiveCfg = Release|x86
		{B6559464-F5AB-44E0-B154-8C00C9C9556E}.Release|x86.Build.0 = Release|x86
		{B6559464-F5AB-44E0-B154-8C00C9C9556E}.Release|x86.Deploy.0 = Release|x86
	EndGlobalSection
	GlobalSection(SolutionProperties) = preSolution
		HideSolutionNode = FALSE
	EndGlobalSection
	GlobalSection(ExtensibilityGlobals) = postSolution
		SolutionGuid = {6C7D0287-E5C1-4AB0-BA12-FE2475CF72CD}
	EndGlobalSection
EndGlobal
